
Microsoft Visual Studio Solution File, Format Version 12.00
# Visual Studio Version 17
VisualStudioVersion = 17.14.37314.3 d17.14
MinimumVisualStudioVersion = 10.0.40219.1
Project("{FAE04EC0-301F-11D3-BF4B-00C04F79EFBC}") = "SHRH.Web", "SHRH.Web\SHRH.Web.csproj", "{2C55BEC3-9A88-4C26-9595-E062970F2CDC}"
EndProject
Project("{FAE04EC0-301F-11D3-BF4B-00C04F79EFBC}") = "SHRH.Data", "SHRH.Data\SHRH.Data.csproj", "{DBE610C6-722E-4E9E-B12E-DB028BC88E0E}"
EndProject
Project("{FAE04EC0-301F-11D3-BF4B-00C04F79EFBC}") = "SHRH.Test", "SHRH.Test\SHRH.Test.csproj", "{12ABAB1E-BA6A-4D4C-88F1-2D23E22AF086}"
EndProject
Global
	GlobalSection(SolutionConfigurationPlatforms) = preSolution
		Debug|Any CPU = Debug|Any CPU
		Release|Any CPU = Release|Any CPU
	EndGlobalSection
	GlobalSection(ProjectConfigurationPlatforms) = postSolution
		{2C55BEC3-9A88-4C26-9595-E062970F2CDC}.Debug|Any CPU.ActiveCfg = Debug|Any CPU
		{2C55BEC3-9A88-4C26-9595-E062970F2CDC}.Debug|Any CPU.Build.0 = Debug|Any CPU
		{2C55BEC3-9A88-4C26-9595-E062970F2CDC}.Release|Any CPU.ActiveCfg = Release|Any CPU
		{2C55BEC3-9A88-4C26-9595-E062970F2CDC}.Release|Any CPU.Build.0 = Release|Any CPU
		{DBE610C6-722E-4E9E-B12E-DB028BC88E0E}.Debug|Any CPU.ActiveCfg = Debug|Any CPU
		{DBE610C6-722E-4E9E-B12E-DB028BC88E0E}.Debug|Any CPU.Build.0 = Debug|Any CPU
		{DBE610C6-722E-4E9E-B12E-DB028BC88E0E}.Release|Any CPU.ActiveCfg = Release|Any CPU
		{DBE610C6-722E-4E9E-B12E-DB028BC88E0E}.Release|Any CPU.Build.0 = Release|Any CPU
		{12ABAB1E-BA6A-4D4C-88F1-2D23E22AF086}.Debug|Any CPU.ActiveCfg = Debug|Any CPU
		{12ABAB1E-BA6A-4D4C-88F1-2D23E22AF086}.Debug|Any CPU.Build.0 = Debug|Any CPU
		{12ABAB1E-BA6A-4D4C-88F1-2D23E22AF086}.Release|Any CPU.ActiveCfg = Release|Any CPU
		{12ABAB1E-BA6A-4D4C-88F1-2D23E22AF086}.Release|Any CPU.Build.0 = Release|Any CPU
	EndGlobalSection
	GlobalSection(SolutionProperties) = preSolution
		HideSolutionNode = FALSE
	EndGlobalSection
	GlobalSection(ExtensibilityGlobals) = postSolution
		SolutionGuid = {A1EC0091-7DA5-4698-BAE1-BAC4505F6067}
	EndGlobalSection
EndGlobal
